
Microsoft Visual Studio Solution File, Format Version 12.00
# Visual Studio Version 17
VisualStudioVersion = 17.9.34723.18
MinimumVisualStudioVersion = 10.0.40219.1
Project("{FAE04EC0-301F-11D3-BF4B-00C04F79EFBC}") = "Mastermind", "Mastermind.csproj", "{C13B7344-C89D-4A56-AC72-2CF9635DEDAA}"
EndProject
Global
	GlobalSection(SolutionConfigurationPlatforms) = preSolution
		Debug|Any CPU = Debug|Any CPU
		Release|Any CPU = Release|Any CPU
	EndGlobalSection
	GlobalSection(ProjectConfigurationPlatforms) = postSolution
		{C13B7344-C89D-4A56-AC72-2CF9635DEDAA}.Debug|Any CPU.ActiveCfg = Debug|Any CPU
		{C13B7344-C89D-4A56-AC72-2CF9635DEDAA}.Debug|Any CPU.Build.0 = Debug|Any CPU
		{C13B7344-C89D-4A56-AC72-2CF9635DEDAA}.Release|Any CPU.ActiveCfg = Release|Any CPU
		{C13B7344-C89D-4A56-AC72-2CF9635DEDAA}.Release|Any CPU.Build.0 = Release|Any CPU
	EndGlobalSection
	GlobalSection(SolutionProperties) = preSolution
		HideSolutionNode = FALSE
	EndGlobalSection
	GlobalSection(ExtensibilityGlobals) = postSolution
		SolutionGuid = {796E7D1E-82B4-4851-B944-E78F14A076A1}
	EndGlobalSection
EndGlobal
